
Microsoft Visual Studio Solution File, Format Version 12.00
# Visual Studio 15
VisualStudioVersion = 15.0.27703.2018
MinimumVisualStudioVersion = 10.0.40219.1
Project("{FAE04EC0-301F-11D3-BF4B-00C04F79EFBC}") = "HospitalManagementSystem", "HospitalManagementSystem\HospitalManagementSystem.csproj", "{3AAF283A-A376-45E7-8C9D-D30601385ED1}"
EndProject
Global
	GlobalSection(SolutionConfigurationPlatforms) = preSolution
		Debug|Any CPU = Debug|Any CPU
		Release|Any CPU = Release|Any CPU
	EndGlobalSection
	GlobalSection(ProjectConfigurationPlatforms) = postSolution
		{3AAF283A-A376-45E7-8C9D-D30601385ED1}.Debug|Any CPU.ActiveCfg = Debug|Any CPU
		{3AAF283A-A376-45E7-8C9D-D30601385ED1}.Debug|Any CPU.Build.0 = Debug|Any CPU
		{3AAF283A-A376-45E7-8C9D-D30601385ED1}.Release|Any CPU.ActiveCfg = Release|Any CPU
		{3AAF283A-A376-45E7-8C9D-D30601385ED1}.Release|Any CPU.Build.0 = Release|Any CPU
	EndGlobalSection
	GlobalSection(SolutionProperties) = preSolution
		HideSolutionNode = FALSE
	EndGlobalSection
	GlobalSection(ExtensibilityGlobals) = postSolution
		SolutionGuid = {A063731C-C655-4F4E-849B-E5A8B300F049}
	EndGlobalSection
EndGlobal
